
Microsoft Visual Studio Solution File, Format Version 12.00
# Visual Studio Version 16
VisualStudioVersion = 16.0.30225.117
MinimumVisualStudioVersion = 10.0.40219.1
Project("{FAE04EC0-301F-11D3-BF4B-00C04F79EFBC}") = "coreMVC", "coreMVC.csproj", "{E05145F7-220A-4D26-9FE4-82850B0E1520}"
EndProject
Global
	GlobalSection(SolutionConfigurationPlatforms) = preSolution
		Debug|Any CPU = Debug|Any CPU
		Release|Any CPU = Release|Any CPU
	EndGlobalSection
	GlobalSection(ProjectConfigurationPlatforms) = postSolution
		{E05145F7-220A-4D26-9FE4-82850B0E1520}.Debug|Any CPU.ActiveCfg = Debug|Any CPU
		{E05145F7-220A-4D26-9FE4-82850B0E1520}.Debug|Any CPU.Build.0 = Debug|Any CPU
		{E05145F7-220A-4D26-9FE4-82850B0E1520}.Release|Any CPU.ActiveCfg = Release|Any CPU
		{E05145F7-220A-4D26-9FE4-82850B0E1520}.Release|Any CPU.Build.0 = Release|Any CPU
	EndGlobalSection
	GlobalSection(SolutionProperties) = preSolution
		HideSolutionNode = FALSE
	EndGlobalSection
	GlobalSection(ExtensibilityGlobals) = postSolution
		SolutionGuid = {5478B624-F63D-49ED-A617-DA460F12FD1E}
	EndGlobalSection
EndGlobal
